
Microsoft Visual Studio Solution File, Format Version 12.00
# Visual Studio Version 17
VisualStudioVersion = 17.5.33414.496
MinimumVisualStudioVersion = 10.0.40219.1
Project("{FAE04EC0-301F-11D3-BF4B-00C04F79EFBC}") = "LABORATORIO1MARIOEDGARDOALASGONZALEZZ", "LABORATORIO1MARIOEDGARDOALASGONZALEZZ\LABORATORIO1MARIOEDGARDOALASGONZALEZZ.csproj", "{A123A7F8-4B85-48DD-AC15-25F8A920AE96}"
EndProject
Global
	GlobalSection(SolutionConfigurationPlatforms) = preSolution
		Debug|Any CPU = Debug|Any CPU
		Release|Any CPU = Release|Any CPU
	EndGlobalSection
	GlobalSection(ProjectConfigurationPlatforms) = postSolution
		{A123A7F8-4B85-48DD-AC15-25F8A920AE96}.Debug|Any CPU.ActiveCfg = Debug|Any CPU
		{A123A7F8-4B85-48DD-AC15-25F8A920AE96}.Debug|Any CPU.Build.0 = Debug|Any CPU
		{A123A7F8-4B85-48DD-AC15-25F8A920AE96}.Release|Any CPU.ActiveCfg = Release|Any CPU
		{A123A7F8-4B85-48DD-AC15-25F8A920AE96}.Release|Any CPU.Build.0 = Release|Any CPU
	EndGlobalSection
	GlobalSection(SolutionProperties) = preSolution
		HideSolutionNode = FALSE
	EndGlobalSection
	GlobalSection(ExtensibilityGlobals) = postSolution
		SolutionGuid = {17D99FDA-4072-4877-BC3B-D583903C01FA}
	EndGlobalSection
EndGlobal
